
Microsoft Visual Studio Solution File, Format Version 12.00
# Visual Studio 14
VisualStudioVersion = 14.0.25123.0
MinimumVisualStudioVersion = 10.0.40219.1
Project("{FAE04EC0-301F-11D3-BF4B-00C04F79EFBC}") = "PW.NhibernateRepository", "PW.NhibernateRepository\PW.NhibernateRepository.csproj", "{962AE3B3-9B8C-4E87-9BD9-0BBFF76F58BF}"
EndProject
Project("{FAE04EC0-301F-11D3-BF4B-00C04F79EFBC}") = "PW.Domain", "PW.Domain\PW.Domain.csproj", "{0652CD45-26EF-443B-826C-332C58B228FA}"
EndProject
Project("{FAE04EC0-301F-11D3-BF4B-00C04F79EFBC}") = "PW.DomainEvent", "PW.DomainEvent\PW.DomainEvent.csproj", "{66240869-B170-4F72-BAD5-179FA7283603}"
EndProject
Global
	GlobalSection(SolutionConfigurationPlatforms) = preSolution
		Debug|Any CPU = Debug|Any CPU
		Release|Any CPU = Release|Any CPU
	EndGlobalSection
	GlobalSection(ProjectConfigurationPlatforms) = postSolution
		{962AE3B3-9B8C-4E87-9BD9-0BBFF76F58BF}.Debug|Any CPU.ActiveCfg = Debug|Any CPU
		{962AE3B3-9B8C-4E87-9BD9-0BBFF76F58BF}.Debug|Any CPU.Build.0 = Debug|Any CPU
		{962AE3B3-9B8C-4E87-9BD9-0BBFF76F58BF}.Release|Any CPU.ActiveCfg = Release|Any CPU
		{962AE3B3-9B8C-4E87-9BD9-0BBFF76F58BF}.Release|Any CPU.Build.0 = Release|Any CPU
		{0652CD45-26EF-443B-826C-332C58B228FA}.Debug|Any CPU.ActiveCfg = Debug|Any CPU
		{0652CD45-26EF-443B-826C-332C58B228FA}.Debug|Any CPU.Build.0 = Debug|Any CPU
		{0652CD45-26EF-443B-826C-332C58B228FA}.Release|Any CPU.ActiveCfg = Release|Any CPU
		{0652CD45-26EF-443B-826C-332C58B228FA}.Release|Any CPU.Build.0 = Release|Any CPU
		{66240869-B170-4F72-BAD5-179FA7283603}.Debug|Any CPU.ActiveCfg = Debug|Any CPU
		{66240869-B170-4F72-BAD5-179FA7283603}.Debug|Any CPU.Build.0 = Debug|Any CPU
		{66240869-B170-4F72-BAD5-179FA7283603}.Release|Any CPU.ActiveCfg = Release|Any CPU
		{66240869-B170-4F72-BAD5-179FA7283603}.Release|Any CPU.Build.0 = Release|Any CPU
	EndGlobalSection
	GlobalSection(SolutionProperties) = preSolution
		HideSolutionNode = FALSE
	EndGlobalSection
EndGlobal
